{
    "_readme": [
        "This file locks the dependencies of your project to a known state",
        "Read more about it at https://getcomposer.org/doc/01-basic-usage.md#installing-dependencies",
        "This file is @generated automatically"
    ],
    "content-hash": "312d621fa0fe4e7fdecf60c369577345",
    "packages": [
        {
            "name": "aglaia-resident/chess.php",
            "version": "v2.0.0",
            "source": {
                "type": "git",
                "url": "https://github.com/aglaia-resident/chess.php.git",
                "reference": "0155d1e748b04a30fdc898e41e194996dc07b0ae"
            },
            "dist": {
                "type": "zip",
                "url": "https://api.github.com/repos/aglaia-resident/chess.php/zipball/0155d1e748b04a30fdc898e41e194996dc07b0ae",
                "reference": "0155d1e748b04a30fdc898e41e194996dc07b0ae",
                "shasum": ""
            },
            "require": {
                "php": "^7.4"
            },
            "require-dev": {
                "dms/phpunit-arraysubset-asserts": "^0.2.0",
                "friendsofphp/php-cs-fixer": "^2.15",
                "johnkary/phpunit-speedtrap": "^3.1",
                "phpunit/phpunit": "^9"
            },
            "type": "library",
            "autoload": {
                "psr-4": {
                    "Ryanhs\\Chess\\": "src/"
                }
            },
            "notification-url": "https://packagist.org/downloads/",
            "license": [
                "MIT"
            ],
            "authors": [
                {
                    "name": "ryan hs",
                    "email": "mr.ryansilalahi@gmail.com"
                },
                {
                    "name": "Aglaia",
                    "email": "aglaia@noemail.com"
                }
            ],
            "description": "Fork of ryanhs/chess.php. chess.php is a PHP chess library that is used for chess move generation/validation, piece placement/movement, and check/checkmate/stalemate detection - basically everything but the AI. NOTE: this is a port of chess.js for php",
            "time": "2020-07-25T20:40:06+00:00"
        }
    ],
    "packages-dev": [],
    "aliases": [],
    "minimum-stability": "dev",
    "stability-flags": [],
    "prefer-stable": false,
    "prefer-lowest": false,
    "platform": [],
    "platform-dev": [],
    "plugin-api-version": "1.1.0"
}
